Microsoft Visual Studio Solution File, Format Version 11.00
# Visual Studio 2008

Project("{020528EB-8F9D-205C-6384-41A304C1C4B3}") = "spawn-at-click", "Assembly-CSharp.csproj", "{9DFA7C68-8DCE-57CB-92F0-6F4AF04ACA02}"
EndProject
Global
	GlobalSection(SolutionConfigurationPlatforms) = preSolution
		Debug|Any CPU = Debug|Any CPU
		Release|Any CPU = Release|Any CPU
	EndGlobalSection
	GlobalSection(ProjectConfigurationPlatforms) = postSolution
		{9DFA7C68-8DCE-57CB-92F0-6F4AF04ACA02}.Debug|Any CPU.ActiveCfg = Debug|Any CPU
		{9DFA7C68-8DCE-57CB-92F0-6F4AF04ACA02}.Debug|Any CPU.Build.0 = Debug|Any CPU
		{9DFA7C68-8DCE-57CB-92F0-6F4AF04ACA02}.Release|Any CPU.ActiveCfg = Release|Any CPU
		{9DFA7C68-8DCE-57CB-92F0-6F4AF04ACA02}.Release|Any CPU.Build.0 = Release|Any CPU
	EndGlobalSection
	GlobalSection(SolutionProperties) = preSolution
		HideSolutionNode = FALSE
	EndGlobalSection
	GlobalSection(MonoDevelopProperties) = preSolution
		StartupItem = Assembly-CSharp.csproj
	EndGlobalSection
EndGlobal
